Microsoft Visual Studio Solution File, Format Version 12.00
# Visual Studio Version 17
VisualStudioVersion = 17.5.2.0
MinimumVisualStudioVersion = 10.0.40219.1
Project("{2150E333-8FDC-42A3-9474-1A3956D46DE8}") = "Controle-Financeiro-Pessoal", "Controle-Financeiro-Pessoal", "{66B0CCB3-122A-9C43-173A-55314E3F61EC}"
EndProject
Project("{2150E333-8FDC-42A3-9474-1A3956D46DE8}") = "src", "src", "{9F17400B-D673-ADBF-AFD1-16DFE9C94984}"
EndProject
Project("{FAE04EC0-301F-11D3-BF4B-00C04F79EFBC}") = "ControleFinanceiro", "Controle-Financeiro-Pessoal\src\ControleFinanceiro\ControleFinanceiro.csproj", "{1E49023E-777F-EE8A-2894-F4FF3089561E}"
EndProject
Global
	GlobalSection(SolutionConfigurationPlatforms) = preSolution
		Debug|Any CPU = Debug|Any CPU
		Release|Any CPU = Release|Any CPU
	EndGlobalSection
	GlobalSection(ProjectConfigurationPlatforms) = postSolution
		{1E49023E-777F-EE8A-2894-F4FF3089561E}.Debug|Any CPU.ActiveCfg = Debug|Any CPU
		{1E49023E-777F-EE8A-2894-F4FF3089561E}.Debug|Any CPU.Build.0 = Debug|Any CPU
		{1E49023E-777F-EE8A-2894-F4FF3089561E}.Release|Any CPU.ActiveCfg = Release|Any CPU
		{1E49023E-777F-EE8A-2894-F4FF3089561E}.Release|Any CPU.Build.0 = Release|Any CPU
	EndGlobalSection
	GlobalSection(SolutionProperties) = preSolution
		HideSolutionNode = FALSE
	EndGlobalSection
	GlobalSection(NestedProjects) = preSolution
		{9F17400B-D673-ADBF-AFD1-16DFE9C94984} = {66B0CCB3-122A-9C43-173A-55314E3F61EC}
		{1E49023E-777F-EE8A-2894-F4FF3089561E} = {9F17400B-D673-ADBF-AFD1-16DFE9C94984}
	EndGlobalSection
	GlobalSection(ExtensibilityGlobals) = postSolution
		SolutionGuid = {57704466-0ABD-4348-8F56-CBF03DEAABE4}
	EndGlobalSection
EndGlobal
